
Microsoft Visual Studio Solution File, Format Version 11.00
# Visual Studio 2010
Project("{FAE04EC0-301F-11D3-BF4B-00C04F79EFBC}") = "mmSquare.Cockatoo", "mmSquare.Cockatoo\mmSquare.Cockatoo.csproj", "{68DCAB0B-6FC3-41D0-8BE7-606C314A4239}"
EndProject
Project("{FAE04EC0-301F-11D3-BF4B-00C04F79EFBC}") = "mmSquare.Cockatoo.Tests", "mmSquare.Cockatoo.Tests\mmSquare.Cockatoo.Tests.csproj", "{32A533E8-2FFD-4A22-AFDB-78968337AA4B}"
EndProject
Project("{2150E333-8FDC-42A3-9474-1A3956D46DE8}") = "Information", "Information", "{A716F062-8D7A-4E11-8F50-3FA1B4265AAA}"
	ProjectSection(SolutionItems) = preProject
		LICENSE = LICENSE
		README.md = README.md
		references.md = references.md
	EndProjectSection
EndProject
Global
	GlobalSection(SolutionConfigurationPlatforms) = preSolution
		Debug|Any CPU = Debug|Any CPU
		Release|Any CPU = Release|Any CPU
	EndGlobalSection
	GlobalSection(ProjectConfigurationPlatforms) = postSolution
		{68DCAB0B-6FC3-41D0-8BE7-606C314A4239}.Debug|Any CPU.ActiveCfg = Debug|Any CPU
		{68DCAB0B-6FC3-41D0-8BE7-606C314A4239}.Debug|Any CPU.Build.0 = Debug|Any CPU
		{68DCAB0B-6FC3-41D0-8BE7-606C314A4239}.Release|Any CPU.ActiveCfg = Release|Any CPU
		{68DCAB0B-6FC3-41D0-8BE7-606C314A4239}.Release|Any CPU.Build.0 = Release|Any CPU
		{32A533E8-2FFD-4A22-AFDB-78968337AA4B}.Debug|Any CPU.ActiveCfg = Debug|Any CPU
		{32A533E8-2FFD-4A22-AFDB-78968337AA4B}.Debug|Any CPU.Build.0 = Debug|Any CPU
		{32A533E8-2FFD-4A22-AFDB-78968337AA4B}.Release|Any CPU.ActiveCfg = Release|Any CPU
		{32A533E8-2FFD-4A22-AFDB-78968337AA4B}.Release|Any CPU.Build.0 = Release|Any CPU
	EndGlobalSection
	GlobalSection(SolutionProperties) = preSolution
		HideSolutionNode = FALSE
	EndGlobalSection
EndGlobal
